
Microsoft Visual Studio Solution File, Format Version 12.00
# Visual Studio 2013
VisualStudioVersion = 12.0.40629.0
MinimumVisualStudioVersion = 10.0.40219.1
Project("{FAE04EC0-301F-11D3-BF4B-00C04F79EFBC}") = "Planeta Online", "Planeta Online\Planeta Online.csproj", "{C1D8A921-EFD2-4AAD-ABA9-B95692512529}"
EndProject
Project("{FAE04EC0-301F-11D3-BF4B-00C04F79EFBC}") = "Planeta Online.Tests", "Planeta Online.Tests\Planeta Online.Tests.csproj", "{CD5CC19B-1292-4AF6-A11C-2AB914B1C5D4}"
EndProject
Global
	GlobalSection(SolutionConfigurationPlatforms) = preSolution
		Debug|Any CPU = Debug|Any CPU
		Release|Any CPU = Release|Any CPU
	EndGlobalSection
	GlobalSection(ProjectConfigurationPlatforms) = postSolution
		{C1D8A921-EFD2-4AAD-ABA9-B95692512529}.Debug|Any CPU.ActiveCfg = Debug|Any CPU
		{C1D8A921-EFD2-4AAD-ABA9-B95692512529}.Debug|Any CPU.Build.0 = Debug|Any CPU
		{C1D8A921-EFD2-4AAD-ABA9-B95692512529}.Release|Any CPU.ActiveCfg = Release|Any CPU
		{C1D8A921-EFD2-4AAD-ABA9-B95692512529}.Release|Any CPU.Build.0 = Release|Any CPU
		{CD5CC19B-1292-4AF6-A11C-2AB914B1C5D4}.Debug|Any CPU.ActiveCfg = Debug|Any CPU
		{CD5CC19B-1292-4AF6-A11C-2AB914B1C5D4}.Debug|Any CPU.Build.0 = Debug|Any CPU
		{CD5CC19B-1292-4AF6-A11C-2AB914B1C5D4}.Release|Any CPU.ActiveCfg = Release|Any CPU
		{CD5CC19B-1292-4AF6-A11C-2AB914B1C5D4}.Release|Any CPU.Build.0 = Release|Any CPU
	EndGlobalSection
	GlobalSection(SolutionProperties) = preSolution
		HideSolutionNode = FALSE
	EndGlobalSection
EndGlobal
